
Microsoft Visual Studio Solution File, Format Version 12.00
# Visual Studio 14
VisualStudioVersion = 14.0.25420.1
MinimumVisualStudioVersion = 10.0.40219.1
Project("{FAE04EC0-301F-11D3-BF4B-00C04F79EFBC}") = "Client", "Client\Client.csproj", "{ADC8A480-7BA4-427E-944D-57947B6CD52F}"
EndProject
Project("{FAE04EC0-301F-11D3-BF4B-00C04F79EFBC}") = "CQRS", "Backend\CQRS.csproj", "{F41FBBC3-53D8-485A-875E-6F101B1EB6B1}"
EndProject
Project("{FAE04EC0-301F-11D3-BF4B-00C04F79EFBC}") = "Model", "Model\Model.csproj", "{22DEFA13-FEF3-43D1-B9FC-A1BE84B0961B}"
EndProject
Global
	GlobalSection(SolutionConfigurationPlatforms) = preSolution
		Debug|Any CPU = Debug|Any CPU
		Release|Any CPU = Release|Any CPU
	EndGlobalSection
	GlobalSection(ProjectConfigurationPlatforms) = postSolution
		{ADC8A480-7BA4-427E-944D-57947B6CD52F}.Debug|Any CPU.ActiveCfg = Debug|Any CPU
		{ADC8A480-7BA4-427E-944D-57947B6CD52F}.Debug|Any CPU.Build.0 = Debug|Any CPU
		{ADC8A480-7BA4-427E-944D-57947B6CD52F}.Release|Any CPU.ActiveCfg = Release|Any CPU
		{ADC8A480-7BA4-427E-944D-57947B6CD52F}.Release|Any CPU.Build.0 = Release|Any CPU
		{F41FBBC3-53D8-485A-875E-6F101B1EB6B1}.Debug|Any CPU.ActiveCfg = Debug|Any CPU
		{F41FBBC3-53D8-485A-875E-6F101B1EB6B1}.Debug|Any CPU.Build.0 = Debug|Any CPU
		{F41FBBC3-53D8-485A-875E-6F101B1EB6B1}.Release|Any CPU.ActiveCfg = Release|Any CPU
		{F41FBBC3-53D8-485A-875E-6F101B1EB6B1}.Release|Any CPU.Build.0 = Release|Any CPU
		{22DEFA13-FEF3-43D1-B9FC-A1BE84B0961B}.Debug|Any CPU.ActiveCfg = Debug|Any CPU
		{22DEFA13-FEF3-43D1-B9FC-A1BE84B0961B}.Debug|Any CPU.Build.0 = Debug|Any CPU
		{22DEFA13-FEF3-43D1-B9FC-A1BE84B0961B}.Release|Any CPU.ActiveCfg = Release|Any CPU
		{22DEFA13-FEF3-43D1-B9FC-A1BE84B0961B}.Release|Any CPU.Build.0 = Release|Any CPU
	EndGlobalSection
	GlobalSection(SolutionProperties) = preSolution
		HideSolutionNode = FALSE
	EndGlobalSection
EndGlobal
